
Microsoft Visual Studio Solution File, Format Version 12.00
# Visual Studio Version 16
VisualStudioVersion = 16.0.29509.3
MinimumVisualStudioVersion = 10.0.40219.1
Project("{2150E333-8FDC-42A3-9474-1A3956D46DE8}") = "Gateways", "Gateways", "{4875164F-295A-40F7-8101-7A1D3380A935}"
EndProject
Project("{2150E333-8FDC-42A3-9474-1A3956D46DE8}") = "Services", "Services", "{A52EA858-4902-42E7-AF50-0A6945A0B856}"
EndProject
Project("{2150E333-8FDC-42A3-9474-1A3956D46DE8}") = "Auth", "Auth", "{313F4518-391E-4F03-99EC-FF51F4631817}"
EndProject
Project("{2150E333-8FDC-42A3-9474-1A3956D46DE8}") = "User", "User", "{27F1B62F-A620-4CA3-B9F4-9DF4D3AF6698}"
EndProject
Project("{2150E333-8FDC-42A3-9474-1A3956D46DE8}") = "Order", "Order", "{B840A5C9-ECFF-43EC-8851-042627CF7CA1}"
EndProject
Project("{2150E333-8FDC-42A3-9474-1A3956D46DE8}") = "Payment", "Payment", "{C936CD30-88D4-45F4-93FC-42AAF47F4B61}"
EndProject
Project("{2150E333-8FDC-42A3-9474-1A3956D46DE8}") = "Catalog", "Catalog", "{777E6D42-2CD7-4BE6-865E-7D5314FBF6B4}"
EndProject
Project("{2150E333-8FDC-42A3-9474-1A3956D46DE8}") = "Cart", "Cart", "{0EAD5174-7BAA-4158-8E75-4EA27F2514C9}"
EndProject
Project("{9A19103F-16F7-4668-BE54-9A1E7A4F7556}") = "Maquer.Gateway.Api", "Maquer.Gateway.Api\Maquer.Gateway.Api.csproj", "{44E9774C-FE41-4DEF-98A3-19DB275678BB}"
EndProject
Project("{2150E333-8FDC-42A3-9474-1A3956D46DE8}") = "Common", "Common", "{F180B1DC-2545-44F7-8407-55E590BCFE1C}"
EndProject
Project("{2150E333-8FDC-42A3-9474-1A3956D46DE8}") = "Coupon", "Coupon", "{DDCB5E05-F4A6-4FCC-B6F1-EBE5BF3FC062}"
EndProject
Project("{2150E333-8FDC-42A3-9474-1A3956D46DE8}") = "Intergrel", "Intergrel", "{5685DA19-4425-4354-8567-03A0E9D8D97C}"
EndProject
Project("{2150E333-8FDC-42A3-9474-1A3956D46DE8}") = "Message", "Message", "{69981CB3-B1D0-42E6-95E3-D88AB523F3DA}"
EndProject
Project("{9A19103F-16F7-4668-BE54-9A1E7A4F7556}") = "Maquer.Common", "Maquer.Common\Maquer.Common.csproj", "{9BD99CBF-0A33-46A4-B9A2-071756E30F14}"
EndProject
Project("{9A19103F-16F7-4668-BE54-9A1E7A4F7556}") = "Maquer.AuthService.Api", "Maquer.AuthService.Api\Maquer.AuthService.Api.csproj", "{E3AB1AA1-30C7-40F0-862B-C0461C53E04D}"
EndProject
Project("{9A19103F-16F7-4668-BE54-9A1E7A4F7556}") = "Maquer.AuthService.Domain", "Maquer.AuthService.Domain\Maquer.AuthService.Domain.csproj", "{DBCB77F4-8F8A-420B-97D6-533D1E1C4866}"
EndProject
Project("{9A19103F-16F7-4668-BE54-9A1E7A4F7556}") = "Maquer.UserService.Api", "Maquer.UserService.Api\Maquer.UserService.Api.csproj", "{575BAE4D-FC81-4263-917D-3026B4BC2C2C}"
EndProject
Project("{2150E333-8FDC-42A3-9474-1A3956D46DE8}") = "Domains", "Domains", "{6312B459-FC7F-458D-8209-D55AACE4CCD8}"
EndProject
Project("{FAE04EC0-301F-11D3-BF4B-00C04F79EFBC}") = "Maquer.AuthService.Dtos", "Maquer.AuthService.Dtos\Maquer.AuthService.Dtos.csproj", "{63C9EAD1-02FE-472D-B2F9-FC58A4B5C76F}"
EndProject
Project("{FAE04EC0-301F-11D3-BF4B-00C04F79EFBC}") = "Maquer.CatalogService.Api", "Maquer.CatalogService.Api\Maquer.CatalogService.Api.csproj", "{386155A5-2066-4AE3-AA2C-EA63B2BF7655}"
EndProject
Project("{FAE04EC0-301F-11D3-BF4B-00C04F79EFBC}") = "Maquer.Domain.Catalog", "Maquer.Domain.Catalog\Maquer.Domain.Catalog.csproj", "{06C454C3-0BC7-4BE8-A77C-23145EBAB2F8}"
EndProject
Project("{FAE04EC0-301F-11D3-BF4B-00C04F79EFBC}") = "Maquer.UserService.Dtos", "Maquer.UserService.Dtos\Maquer.UserService.Dtos.csproj", "{BBF0012C-D399-4B36-A98D-AD2CB206F2D7}"
EndProject
Project("{9A19103F-16F7-4668-BE54-9A1E7A4F7556}") = "Maquer.Domain.User", "Maquer.Domain.User\Maquer.Domain.User.csproj", "{8653283A-531F-4D97-A5CD-607FC1A33B86}"
EndProject
Project("{FAE04EC0-301F-11D3-BF4B-00C04F79EFBC}") = "Maquer.CatalogService.Dtos", "Maquer.CatalogService.Dtos\Maquer.CatalogService.Dtos.csproj", "{585EA309-C203-4A59-A895-64E6DEE58BE5}"
EndProject
Global
	GlobalSection(SolutionConfigurationPlatforms) = preSolution
		Debug|Any CPU = Debug|Any CPU
		Release|Any CPU = Release|Any CPU
	EndGlobalSection
	GlobalSection(ProjectConfigurationPlatforms) = postSolution
		{44E9774C-FE41-4DEF-98A3-19DB275678BB}.Debug|Any CPU.ActiveCfg = Debug|Any CPU
		{44E9774C-FE41-4DEF-98A3-19DB275678BB}.Debug|Any CPU.Build.0 = Debug|Any CPU
		{44E9774C-FE41-4DEF-98A3-19DB275678BB}.Release|Any CPU.ActiveCfg = Release|Any CPU
		{44E9774C-FE41-4DEF-98A3-19DB275678BB}.Release|Any CPU.Build.0 = Release|Any CPU
		{9BD99CBF-0A33-46A4-B9A2-071756E30F14}.Debug|Any CPU.ActiveCfg = Debug|Any CPU
		{9BD99CBF-0A33-46A4-B9A2-071756E30F14}.Debug|Any CPU.Build.0 = Debug|Any CPU
		{9BD99CBF-0A33-46A4-B9A2-071756E30F14}.Release|Any CPU.ActiveCfg = Release|Any CPU
		{9BD99CBF-0A33-46A4-B9A2-071756E30F14}.Release|Any CPU.Build.0 = Release|Any CPU
		{E3AB1AA1-30C7-40F0-862B-C0461C53E04D}.Debug|Any CPU.ActiveCfg = Debug|Any CPU
		{E3AB1AA1-30C7-40F0-862B-C0461C53E04D}.Debug|Any CPU.Build.0 = Debug|Any CPU
		{E3AB1AA1-30C7-40F0-862B-C0461C53E04D}.Release|Any CPU.ActiveCfg = Release|Any CPU
		{E3AB1AA1-30C7-40F0-862B-C0461C53E04D}.Release|Any CPU.Build.0 = Release|Any CPU
		{DBCB77F4-8F8A-420B-97D6-533D1E1C4866}.Debug|Any CPU.ActiveCfg = Debug|Any CPU
		{DBCB77F4-8F8A-420B-97D6-533D1E1C4866}.Debug|Any CPU.Build.0 = Debug|Any CPU
		{DBCB77F4-8F8A-420B-97D6-533D1E1C4866}.Release|Any CPU.ActiveCfg = Release|Any CPU
		{DBCB77F4-8F8A-420B-97D6-533D1E1C4866}.Release|Any CPU.Build.0 = Release|Any CPU
		{575BAE4D-FC81-4263-917D-3026B4BC2C2C}.Debug|Any CPU.ActiveCfg = Debug|Any CPU
		{575BAE4D-FC81-4263-917D-3026B4BC2C2C}.Debug|Any CPU.Build.0 = Debug|Any CPU
		{575BAE4D-FC81-4263-917D-3026B4BC2C2C}.Release|Any CPU.ActiveCfg = Release|Any CPU
		{575BAE4D-FC81-4263-917D-3026B4BC2C2C}.Release|Any CPU.Build.0 = Release|Any CPU
		{63C9EAD1-02FE-472D-B2F9-FC58A4B5C76F}.Debug|Any CPU.ActiveCfg = Debug|Any CPU
		{63C9EAD1-02FE-472D-B2F9-FC58A4B5C76F}.Debug|Any CPU.Build.0 = Debug|Any CPU
		{63C9EAD1-02FE-472D-B2F9-FC58A4B5C76F}.Release|Any CPU.ActiveCfg = Release|Any CPU
		{63C9EAD1-02FE-472D-B2F9-FC58A4B5C76F}.Release|Any CPU.Build.0 = Release|Any CPU
		{386155A5-2066-4AE3-AA2C-EA63B2BF7655}.Debug|Any CPU.ActiveCfg = Debug|Any CPU
		{386155A5-2066-4AE3-AA2C-EA63B2BF7655}.Debug|Any CPU.Build.0 = Debug|Any CPU
		{386155A5-2066-4AE3-AA2C-EA63B2BF7655}.Release|Any CPU.ActiveCfg = Release|Any CPU
		{386155A5-2066-4AE3-AA2C-EA63B2BF7655}.Release|Any CPU.Build.0 = Release|Any CPU
		{06C454C3-0BC7-4BE8-A77C-23145EBAB2F8}.Debug|Any CPU.ActiveCfg = Debug|Any CPU
		{06C454C3-0BC7-4BE8-A77C-23145EBAB2F8}.Debug|Any CPU.Build.0 = Debug|Any CPU
		{06C454C3-0BC7-4BE8-A77C-23145EBAB2F8}.Release|Any CPU.ActiveCfg = Release|Any CPU
		{06C454C3-0BC7-4BE8-A77C-23145EBAB2F8}.Release|Any CPU.Build.0 = Release|Any CPU
		{BBF0012C-D399-4B36-A98D-AD2CB206F2D7}.Debug|Any CPU.ActiveCfg = Debug|Any CPU
		{BBF0012C-D399-4B36-A98D-AD2CB206F2D7}.Debug|Any CPU.Build.0 = Debug|Any CPU
		{BBF0012C-D399-4B36-A98D-AD2CB206F2D7}.Release|Any CPU.ActiveCfg = Release|Any CPU
		{BBF0012C-D399-4B36-A98D-AD2CB206F2D7}.Release|Any CPU.Build.0 = Release|Any CPU
		{8653283A-531F-4D97-A5CD-607FC1A33B86}.Debug|Any CPU.ActiveCfg = Debug|Any CPU
		{8653283A-531F-4D97-A5CD-607FC1A33B86}.Debug|Any CPU.Build.0 = Debug|Any CPU
		{8653283A-531F-4D97-A5CD-607FC1A33B86}.Release|Any CPU.ActiveCfg = Release|Any CPU
		{8653283A-531F-4D97-A5CD-607FC1A33B86}.Release|Any CPU.Build.0 = Release|Any CPU
		{585EA309-C203-4A59-A895-64E6DEE58BE5}.Debug|Any CPU.ActiveCfg = Debug|Any CPU
		{585EA309-C203-4A59-A895-64E6DEE58BE5}.Debug|Any CPU.Build.0 = Debug|Any CPU
		{585EA309-C203-4A59-A895-64E6DEE58BE5}.Release|Any CPU.ActiveCfg = Release|Any CPU
		{585EA309-C203-4A59-A895-64E6DEE58BE5}.Release|Any CPU.Build.0 = Release|Any CPU
	EndGlobalSection
	GlobalSection(SolutionProperties) = preSolution
		HideSolutionNode = FALSE
	EndGlobalSection
	GlobalSection(NestedProjects) = preSolution
		{313F4518-391E-4F03-99EC-FF51F4631817} = {A52EA858-4902-42E7-AF50-0A6945A0B856}
		{27F1B62F-A620-4CA3-B9F4-9DF4D3AF6698} = {A52EA858-4902-42E7-AF50-0A6945A0B856}
		{B840A5C9-ECFF-43EC-8851-042627CF7CA1} = {A52EA858-4902-42E7-AF50-0A6945A0B856}
		{C936CD30-88D4-45F4-93FC-42AAF47F4B61} = {A52EA858-4902-42E7-AF50-0A6945A0B856}
		{777E6D42-2CD7-4BE6-865E-7D5314FBF6B4} = {A52EA858-4902-42E7-AF50-0A6945A0B856}
		{0EAD5174-7BAA-4158-8E75-4EA27F2514C9} = {A52EA858-4902-42E7-AF50-0A6945A0B856}
		{44E9774C-FE41-4DEF-98A3-19DB275678BB} = {4875164F-295A-40F7-8101-7A1D3380A935}
		{DDCB5E05-F4A6-4FCC-B6F1-EBE5BF3FC062} = {A52EA858-4902-42E7-AF50-0A6945A0B856}
		{5685DA19-4425-4354-8567-03A0E9D8D97C} = {A52EA858-4902-42E7-AF50-0A6945A0B856}
		{69981CB3-B1D0-42E6-95E3-D88AB523F3DA} = {A52EA858-4902-42E7-AF50-0A6945A0B856}
		{9BD99CBF-0A33-46A4-B9A2-071756E30F14} = {F180B1DC-2545-44F7-8407-55E590BCFE1C}
		{E3AB1AA1-30C7-40F0-862B-C0461C53E04D} = {313F4518-391E-4F03-99EC-FF51F4631817}
		{DBCB77F4-8F8A-420B-97D6-533D1E1C4866} = {313F4518-391E-4F03-99EC-FF51F4631817}
		{575BAE4D-FC81-4263-917D-3026B4BC2C2C} = {27F1B62F-A620-4CA3-B9F4-9DF4D3AF6698}
		{63C9EAD1-02FE-472D-B2F9-FC58A4B5C76F} = {313F4518-391E-4F03-99EC-FF51F4631817}
		{386155A5-2066-4AE3-AA2C-EA63B2BF7655} = {777E6D42-2CD7-4BE6-865E-7D5314FBF6B4}
		{06C454C3-0BC7-4BE8-A77C-23145EBAB2F8} = {6312B459-FC7F-458D-8209-D55AACE4CCD8}
		{BBF0012C-D399-4B36-A98D-AD2CB206F2D7} = {27F1B62F-A620-4CA3-B9F4-9DF4D3AF6698}
		{8653283A-531F-4D97-A5CD-607FC1A33B86} = {6312B459-FC7F-458D-8209-D55AACE4CCD8}
		{585EA309-C203-4A59-A895-64E6DEE58BE5} = {777E6D42-2CD7-4BE6-865E-7D5314FBF6B4}
	EndGlobalSection
	GlobalSection(ExtensibilityGlobals) = postSolution
		SolutionGuid = {9A05C08F-57B1-4FB2-B81C-48D699CC2711}
	EndGlobalSection
EndGlobal
